
Microsoft Visual Studio Solution File, Format Version 12.00
# Visual Studio Version 16
VisualStudioVersion = 16.0.31702.278
MinimumVisualStudioVersion = 10.0.40219.1
Project("{FAE04EC0-301F-11D3-BF4B-00C04F79EFBC}") = "WeeklyAss3 - Q1", "WeeklyAss3 - Q1\WeeklyAss3 - Q1.csproj", "{E4113F60-6C9F-4F3D-824C-6D8DE1E95229}"
EndProject
Global
	GlobalSection(SolutionConfigurationPlatforms) = preSolution
		Debug|Any CPU = Debug|Any CPU
		Release|Any CPU = Release|Any CPU
	EndGlobalSection
	GlobalSection(ProjectConfigurationPlatforms) = postSolution
		{E4113F60-6C9F-4F3D-824C-6D8DE1E95229}.Debug|Any CPU.ActiveCfg = Debug|Any CPU
		{E4113F60-6C9F-4F3D-824C-6D8DE1E95229}.Debug|Any CPU.Build.0 = Debug|Any CPU
		{E4113F60-6C9F-4F3D-824C-6D8DE1E95229}.Release|Any CPU.ActiveCfg = Release|Any CPU
		{E4113F60-6C9F-4F3D-824C-6D8DE1E95229}.Release|Any CPU.Build.0 = Release|Any CPU
	EndGlobalSection
	GlobalSection(SolutionProperties) = preSolution
		HideSolutionNode = FALSE
	EndGlobalSection
	GlobalSection(ExtensibilityGlobals) = postSolution
		SolutionGuid = {BA946AFA-724A-4539-B49A-717B12E28251}
	EndGlobalSection
EndGlobal
